
Microsoft Visual Studio Solution File, Format Version 12.00
# Visual Studio Version 16
VisualStudioVersion = 16.0.31424.327
MinimumVisualStudioVersion = 10.0.40219.1
Project("{FAE04EC0-301F-11D3-BF4B-00C04F79EFBC}") = "MyExercises", "MyExercises\MyExercises.csproj", "{83DB6C2F-8797-4FC5-AEE0-84F412320EAA}"
EndProject
Global
	GlobalSection(SolutionConfigurationPlatforms) = preSolution
		Debug|Any CPU = Debug|Any CPU
		Release|Any CPU = Release|Any CPU
	EndGlobalSection
	GlobalSection(ProjectConfigurationPlatforms) = postSolution
		{83DB6C2F-8797-4FC5-AEE0-84F412320EAA}.Debug|Any CPU.ActiveCfg = Debug|Any CPU
		{83DB6C2F-8797-4FC5-AEE0-84F412320EAA}.Debug|Any CPU.Build.0 = Debug|Any CPU
		{83DB6C2F-8797-4FC5-AEE0-84F412320EAA}.Release|Any CPU.ActiveCfg = Release|Any CPU
		{83DB6C2F-8797-4FC5-AEE0-84F412320EAA}.Release|Any CPU.Build.0 = Release|Any CPU
	EndGlobalSection
	GlobalSection(SolutionProperties) = preSolution
		HideSolutionNode = FALSE
	EndGlobalSection
	GlobalSection(ExtensibilityGlobals) = postSolution
		SolutionGuid = {FE58B58B-2732-4DE8-B8C1-439A2C81BD89}
	EndGlobalSection
EndGlobal
